
Microsoft Visual Studio Solution File, Format Version 12.00
# Visual Studio Version 16
VisualStudioVersion = 16.0.30621.155
MinimumVisualStudioVersion = 10.0.40219.1
Project("{9A19103F-16F7-4668-BE54-9A1E7A4F7556}") = "BookListRazor", "BookListRazor\BookListRazor.csproj", "{91F38316-EF19-4830-A75F-983EE8DD4593}"
EndProject
Global
	GlobalSection(SolutionConfigurationPlatforms) = preSolution
		Debug|Any CPU = Debug|Any CPU
		Release|Any CPU = Release|Any CPU
	EndGlobalSection
	GlobalSection(ProjectConfigurationPlatforms) = postSolution
		{91F38316-EF19-4830-A75F-983EE8DD4593}.Debug|Any CPU.ActiveCfg = Debug|Any CPU
		{91F38316-EF19-4830-A75F-983EE8DD4593}.Debug|Any CPU.Build.0 = Debug|Any CPU
		{91F38316-EF19-4830-A75F-983EE8DD4593}.Release|Any CPU.ActiveCfg = Release|Any CPU
		{91F38316-EF19-4830-A75F-983EE8DD4593}.Release|Any CPU.Build.0 = Release|Any CPU
	EndGlobalSection
	GlobalSection(SolutionProperties) = preSolution
		HideSolutionNode = FALSE
	EndGlobalSection
	GlobalSection(ExtensibilityGlobals) = postSolution
		SolutionGuid = {7A51FC3D-65F1-4A8B-BC51-49DCD9FEECC0}
	EndGlobalSection
EndGlobal
